
Microsoft Visual Studio Solution File, Format Version 12.00
# Visual Studio Version 17
VisualStudioVersion = 17.10.35013.160
MinimumVisualStudioVersion = 10.0.40219.1
Project("{9A19103F-16F7-4668-BE54-9A1E7A4F7556}") = "Minimal.Api", "Minimal.Api\Minimal.Api.csproj", "{491CEA18-3F34-40F9-BF33-E579FAD02F31}"
EndProject
Project("{9A19103F-16F7-4668-BE54-9A1E7A4F7556}") = "Minimal.Api.Unit.Tests", "Minimal.Api.Unit.Tests\Minimal.Api.Unit.Tests.csproj", "{F6AADCBC-EF20-46DA-BC46-46BC286F2912}"
EndProject
Project("{9A19103F-16F7-4668-BE54-9A1E7A4F7556}") = "Minimal.Api.Integration.Tests", "Minimal.Api.Integration.Tests\Minimal.Api.Integration.Tests.csproj", "{13A73242-405B-4A64-8623-8597C6348B03}"
EndProject
Project("{FAE04EC0-301F-11D3-BF4B-00C04F79EFBC}") = "Minimal.Api.Authentication", "Minimal.Api.Authentication\Minimal.Api.Authentication.csproj", "{4282E1E5-66BE-4423-B297-121AA61B0476}"
EndProject
Project("{FAE04EC0-301F-11D3-BF4B-00C04F79EFBC}") = "Minimal.Api.Shared", "Minimal.Api.Shared\Minimal.Api.Shared.csproj", "{F8199D67-E43B-4403-95AC-313555C48889}"
EndProject
Global
	GlobalSection(SolutionConfigurationPlatforms) = preSolution
		Debug|Any CPU = Debug|Any CPU
		Release|Any CPU = Release|Any CPU
	EndGlobalSection
	GlobalSection(ProjectConfigurationPlatforms) = postSolution
		{491CEA18-3F34-40F9-BF33-E579FAD02F31}.Debug|Any CPU.ActiveCfg = Debug|Any CPU
		{491CEA18-3F34-40F9-BF33-E579FAD02F31}.Debug|Any CPU.Build.0 = Debug|Any CPU
		{491CEA18-3F34-40F9-BF33-E579FAD02F31}.Release|Any CPU.ActiveCfg = Release|Any CPU
		{491CEA18-3F34-40F9-BF33-E579FAD02F31}.Release|Any CPU.Build.0 = Release|Any CPU
		{F6AADCBC-EF20-46DA-BC46-46BC286F2912}.Debug|Any CPU.ActiveCfg = Debug|Any CPU
		{F6AADCBC-EF20-46DA-BC46-46BC286F2912}.Debug|Any CPU.Build.0 = Debug|Any CPU
		{F6AADCBC-EF20-46DA-BC46-46BC286F2912}.Release|Any CPU.ActiveCfg = Release|Any CPU
		{F6AADCBC-EF20-46DA-BC46-46BC286F2912}.Release|Any CPU.Build.0 = Release|Any CPU
		{13A73242-405B-4A64-8623-8597C6348B03}.Debug|Any CPU.ActiveCfg = Debug|Any CPU
		{13A73242-405B-4A64-8623-8597C6348B03}.Debug|Any CPU.Build.0 = Debug|Any CPU
		{13A73242-405B-4A64-8623-8597C6348B03}.Release|Any CPU.ActiveCfg = Release|Any CPU
		{13A73242-405B-4A64-8623-8597C6348B03}.Release|Any CPU.Build.0 = Release|Any CPU
		{4282E1E5-66BE-4423-B297-121AA61B0476}.Debug|Any CPU.ActiveCfg = Debug|Any CPU
		{4282E1E5-66BE-4423-B297-121AA61B0476}.Debug|Any CPU.Build.0 = Debug|Any CPU
		{4282E1E5-66BE-4423-B297-121AA61B0476}.Release|Any CPU.ActiveCfg = Release|Any CPU
		{4282E1E5-66BE-4423-B297-121AA61B0476}.Release|Any CPU.Build.0 = Release|Any CPU
		{F8199D67-E43B-4403-95AC-313555C48889}.Debug|Any CPU.ActiveCfg = Debug|Any CPU
		{F8199D67-E43B-4403-95AC-313555C48889}.Debug|Any CPU.Build.0 = Debug|Any CPU
		{F8199D67-E43B-4403-95AC-313555C48889}.Release|Any CPU.ActiveCfg = Release|Any CPU
		{F8199D67-E43B-4403-95AC-313555C48889}.Release|Any CPU.Build.0 = Release|Any CPU
	EndGlobalSection
	GlobalSection(SolutionProperties) = preSolution
		HideSolutionNode = FALSE
	EndGlobalSection
	GlobalSection(ExtensibilityGlobals) = postSolution
		SolutionGuid = {0C20DC04-B3A0-407F-865E-55B3807CBC45}
	EndGlobalSection
EndGlobal
